
Microsoft Visual Studio Solution File, Format Version 12.00
# Visual Studio 15
VisualStudioVersion = 15.0.26730.8
MinimumVisualStudioVersion = 10.0.40219.1
Project("{FAE04EC0-301F-11D3-BF4B-00C04F79EFBC}") = "Liteson", "Liteson\Liteson.csproj", "{C3B7ECE3-0B28-43AC-BCA9-7A0CF1CBD71A}"
EndProject
Project("{FAE04EC0-301F-11D3-BF4B-00C04F79EFBC}") = "Liteson.Tests", "Liteson.Tests\Liteson.Tests.csproj", "{D594E027-8B1F-4290-AA6F-D9E5C45F845F}"
EndProject
Global
	GlobalSection(SolutionConfigurationPlatforms) = preSolution
		Debug|Any CPU = Debug|Any CPU
		Release|Any CPU = Release|Any CPU
	EndGlobalSection
	GlobalSection(ProjectConfigurationPlatforms) = postSolution
		{C3B7ECE3-0B28-43AC-BCA9-7A0CF1CBD71A}.Debug|Any CPU.ActiveCfg = Debug|Any CPU
		{C3B7ECE3-0B28-43AC-BCA9-7A0CF1CBD71A}.Debug|Any CPU.Build.0 = Debug|Any CPU
		{C3B7ECE3-0B28-43AC-BCA9-7A0CF1CBD71A}.Release|Any CPU.ActiveCfg = Release|Any CPU
		{C3B7ECE3-0B28-43AC-BCA9-7A0CF1CBD71A}.Release|Any CPU.Build.0 = Release|Any CPU
		{D594E027-8B1F-4290-AA6F-D9E5C45F845F}.Debug|Any CPU.ActiveCfg = Debug|Any CPU
		{D594E027-8B1F-4290-AA6F-D9E5C45F845F}.Debug|Any CPU.Build.0 = Debug|Any CPU
		{D594E027-8B1F-4290-AA6F-D9E5C45F845F}.Release|Any CPU.ActiveCfg = Release|Any CPU
		{D594E027-8B1F-4290-AA6F-D9E5C45F845F}.Release|Any CPU.Build.0 = Release|Any CPU
	EndGlobalSection
	GlobalSection(SolutionProperties) = preSolution
		HideSolutionNode = FALSE
	EndGlobalSection
	GlobalSection(ExtensibilityGlobals) = postSolution
		SolutionGuid = {95ADFB90-6BA7-4632-BB8A-FD87F68523EE}
	EndGlobalSection
EndGlobal
