
Microsoft Visual Studio Solution File, Format Version 12.00
# Visual Studio 15
VisualStudioVersion = 15.0.26730.8
MinimumVisualStudioVersion = 10.0.40219.1
Project("{FAE04EC0-301F-11D3-BF4B-00C04F79EFBC}") = "Liteson", "Liteson\Liteson.csproj", "{C3B7ECE3-0B28-43AC-BCA9-7A0CF1CBD71A}"
EndProject
Project("{FAE04EC0-301F-11D3-BF4B-00C04F79EFBC}") = "Liteson.Tests", "Liteson.Tests\Liteson.Tests.csproj", "{D594E027-8B1F-4290-AA6F-D9E5C45F845F}"
EndProject
Project("{FAE04EC0-301F-11D3-BF4B-00C04F79EFBC}") = "Liteson.Merger", "Liteson.Merger\Liteson.Merger.csproj", "{DDA90880-5EEC-4D4A-B829-E04D1CD91D51}"
EndProject
Project("{FAE04EC0-301F-11D3-BF4B-00C04F79EFBC}") = "Net46", "Net46\Net46.csproj", "{EDA8649B-4DC0-41FA-A3E1-D5C1E4ABC0FF}"
EndProject
Project("{2150E333-8FDC-42A3-9474-1A3956D46DE8}") = "Targets", "Targets", "{679D85ED-E01E-4BDC-B57E-D3FC5C439917}"
EndProject
Project("{9A19103F-16F7-4668-BE54-9A1E7A4F7556}") = "NetStandard", "NetStandard\NetStandard.csproj", "{2DD3BE6C-F977-44D6-BF13-5B9D8FE12D36}"
EndProject
Project("{FAE04EC0-301F-11D3-BF4B-00C04F79EFBC}") = "Core", "Core\Core.csproj", "{9789988D-FB82-403D-B0BE-44E472A3E557}"
EndProject
Global
	GlobalSection(SolutionConfigurationPlatforms) = preSolution
		Debug|Any CPU = Debug|Any CPU
		Release|Any CPU = Release|Any CPU
	EndGlobalSection
	GlobalSection(ProjectConfigurationPlatforms) = postSolution
		{C3B7ECE3-0B28-43AC-BCA9-7A0CF1CBD71A}.Debug|Any CPU.ActiveCfg = Debug|Any CPU
		{C3B7ECE3-0B28-43AC-BCA9-7A0CF1CBD71A}.Debug|Any CPU.Build.0 = Debug|Any CPU
		{C3B7ECE3-0B28-43AC-BCA9-7A0CF1CBD71A}.Release|Any CPU.ActiveCfg = Release|Any CPU
		{C3B7ECE3-0B28-43AC-BCA9-7A0CF1CBD71A}.Release|Any CPU.Build.0 = Release|Any CPU
		{D594E027-8B1F-4290-AA6F-D9E5C45F845F}.Debug|Any CPU.ActiveCfg = Debug|Any CPU
		{D594E027-8B1F-4290-AA6F-D9E5C45F845F}.Debug|Any CPU.Build.0 = Debug|Any CPU
		{D594E027-8B1F-4290-AA6F-D9E5C45F845F}.Release|Any CPU.ActiveCfg = Release|Any CPU
		{D594E027-8B1F-4290-AA6F-D9E5C45F845F}.Release|Any CPU.Build.0 = Release|Any CPU
		{DDA90880-5EEC-4D4A-B829-E04D1CD91D51}.Debug|Any CPU.ActiveCfg = Debug|Any CPU
		{DDA90880-5EEC-4D4A-B829-E04D1CD91D51}.Debug|Any CPU.Build.0 = Debug|Any CPU
		{DDA90880-5EEC-4D4A-B829-E04D1CD91D51}.Release|Any CPU.ActiveCfg = Release|Any CPU
		{DDA90880-5EEC-4D4A-B829-E04D1CD91D51}.Release|Any CPU.Build.0 = Release|Any CPU
		{EDA8649B-4DC0-41FA-A3E1-D5C1E4ABC0FF}.Debug|Any CPU.ActiveCfg = Debug|Any CPU
		{EDA8649B-4DC0-41FA-A3E1-D5C1E4ABC0FF}.Debug|Any CPU.Build.0 = Debug|Any CPU
		{EDA8649B-4DC0-41FA-A3E1-D5C1E4ABC0FF}.Release|Any CPU.ActiveCfg = Release|Any CPU
		{EDA8649B-4DC0-41FA-A3E1-D5C1E4ABC0FF}.Release|Any CPU.Build.0 = Release|Any CPU
		{2DD3BE6C-F977-44D6-BF13-5B9D8FE12D36}.Debug|Any CPU.ActiveCfg = Debug|Any CPU
		{2DD3BE6C-F977-44D6-BF13-5B9D8FE12D36}.Debug|Any CPU.Build.0 = Debug|Any CPU
		{2DD3BE6C-F977-44D6-BF13-5B9D8FE12D36}.Release|Any CPU.ActiveCfg = Release|Any CPU
		{2DD3BE6C-F977-44D6-BF13-5B9D8FE12D36}.Release|Any CPU.Build.0 = Release|Any CPU
		{9789988D-FB82-403D-B0BE-44E472A3E557}.Debug|Any CPU.ActiveCfg = Debug|Any CPU
		{9789988D-FB82-403D-B0BE-44E472A3E557}.Debug|Any CPU.Build.0 = Debug|Any CPU
		{9789988D-FB82-403D-B0BE-44E472A3E557}.Release|Any CPU.ActiveCfg = Release|Any CPU
		{9789988D-FB82-403D-B0BE-44E472A3E557}.Release|Any CPU.Build.0 = Release|Any CPU
	EndGlobalSection
	GlobalSection(SolutionProperties) = preSolution
		HideSolutionNode = FALSE
	EndGlobalSection
	GlobalSection(NestedProjects) = preSolution
		{EDA8649B-4DC0-41FA-A3E1-D5C1E4ABC0FF} = {679D85ED-E01E-4BDC-B57E-D3FC5C439917}
		{2DD3BE6C-F977-44D6-BF13-5B9D8FE12D36} = {679D85ED-E01E-4BDC-B57E-D3FC5C439917}
		{9789988D-FB82-403D-B0BE-44E472A3E557} = {679D85ED-E01E-4BDC-B57E-D3FC5C439917}
	EndGlobalSection
	GlobalSection(ExtensibilityGlobals) = postSolution
		SolutionGuid = {95ADFB90-6BA7-4632-BB8A-FD87F68523EE}
	EndGlobalSection
	GlobalSection(Performance) = preSolution
		HasPerformanceSessions = true
	EndGlobalSection
EndGlobal
